
Microsoft Visual Studio Solution File, Format Version 12.00
# Visual Studio Version 16
VisualStudioVersion = 16.0.30225.117
MinimumVisualStudioVersion = 10.0.40219.1
Project("{FAE04EC0-301F-11D3-BF4B-00C04F79EFBC}") = "2traceApp", "2traceApp\2traceApp.csproj", "{38F37496-2CEA-4C9B-900F-189199F435E1}"
EndProject
Global
	GlobalSection(SolutionConfigurationPlatforms) = preSolution
		Debug|Any CPU = Debug|Any CPU
		Release|Any CPU = Release|Any CPU
	EndGlobalSection
	GlobalSection(ProjectConfigurationPlatforms) = postSolution
		{38F37496-2CEA-4C9B-900F-189199F435E1}.Debug|Any CPU.ActiveCfg = Debug|Any CPU
		{38F37496-2CEA-4C9B-900F-189199F435E1}.Debug|Any CPU.Build.0 = Debug|Any CPU
		{38F37496-2CEA-4C9B-900F-189199F435E1}.Release|Any CPU.ActiveCfg = Release|Any CPU
		{38F37496-2CEA-4C9B-900F-189199F435E1}.Release|Any CPU.Build.0 = Release|Any CPU
	EndGlobalSection
	GlobalSection(SolutionProperties) = preSolution
		HideSolutionNode = FALSE
	EndGlobalSection
	GlobalSection(ExtensibilityGlobals) = postSolution
		SolutionGuid = {7A1D03D1-0DEF-44B7-A18B-F32B9EE9502B}
	EndGlobalSection
EndGlobal
